
Microsoft Visual Studio Solution File, Format Version 12.00
# Visual Studio 15
VisualStudioVersion = 15.0.28307.271
MinimumVisualStudioVersion = 10.0.40219.1
Project("{8BC9CEB8-8B4A-11D0-8D11-00A0C91BC942}") = "Rvalue", "Rvalue\Rvalue.vcxproj", "{88C54AB3-9155-4530-873A-D6787E7FB7A0}"
EndProject
Project("{8BC9CEB8-8B4A-11D0-8D11-00A0C91BC942}") = "DeletedFunctions", "DeletedFunctions\DeletedFunctions.vcxproj", "{F4ED1F82-DA86-4171-BC2E-937F6581C504}"
EndProject
Project("{8BC9CEB8-8B4A-11D0-8D11-00A0C91BC942}") = "DefaultedFunctions", "DefaultedFunctions\DefaultedFunctions.vcxproj", "{EAEBAC79-2FE1-45CA-A383-46124C3B2C99}"
EndProject
Project("{8BC9CEB8-8B4A-11D0-8D11-00A0C91BC942}") = "nullptr", "nullptr\nullptr.vcxproj", "{A423B39B-111F-44A0-B53F-34756F64B6EF}"
EndProject
Project("{8BC9CEB8-8B4A-11D0-8D11-00A0C91BC942}") = "constexpr", "constexpr\constexpr.vcxproj", "{828298D8-CBC3-4721-8780-5A9099386192}"
EndProject
Project("{8BC9CEB8-8B4A-11D0-8D11-00A0C91BC942}") = "ifswitch", "ifswitch\ifswitch.vcxproj", "{0BB6B71D-8C82-45E9-BD67-14593FE68584}"
EndProject
Project("{8BC9CEB8-8B4A-11D0-8D11-00A0C91BC942}") = "initializerlist", "initializerlist\initializerlist.vcxproj", "{38F9CB02-7256-4D20-914B-612928604215}"
EndProject
Project("{8BC9CEB8-8B4A-11D0-8D11-00A0C91BC942}") = "structured_binding", "structured_binding\structured_binding.vcxproj", "{C56CE65B-2D78-4FD8-96B9-8A137BD0208C}"
EndProject
Project("{8BC9CEB8-8B4A-11D0-8D11-00A0C91BC942}") = "typeinference", "typeinference\typeinference.vcxproj", "{DAF2489F-72F5-426A-93AD-87ED715FCC03}"
EndProject
Project("{8BC9CEB8-8B4A-11D0-8D11-00A0C91BC942}") = "controlflow", "controlflow\controlflow.vcxproj", "{089AF5BD-2A0E-4382-973E-DC998C387BFB}"
EndProject
Project("{8BC9CEB8-8B4A-11D0-8D11-00A0C91BC942}") = "rangebasedforloop", "rangebasedforloop\rangebasedforloop.vcxproj", "{03AA63EF-8894-4F6E-96F1-199D448540C5}"
EndProject
Project("{8BC9CEB8-8B4A-11D0-8D11-00A0C91BC942}") = "templates98", "templates98\templates98.vcxproj", "{835BF181-60CB-4D69-AAA0-B75774A3EC1B}"
EndProject
Project("{8BC9CEB8-8B4A-11D0-8D11-00A0C91BC942}") = "templates", "templates\templates.vcxproj", "{81281C43-BD65-4405-B759-B5167027BA67}"
EndProject
Project("{8BC9CEB8-8B4A-11D0-8D11-00A0C91BC942}") = "templatesvariadic", "templatesvariadic\templatesvariadic.vcxproj", "{C60A7545-8017-41E6-832C-CA8676B14136}"
EndProject
Project("{8BC9CEB8-8B4A-11D0-8D11-00A0C91BC942}") = "oo_delegateconstructor", "delegateconstructor\delegateconstructor.vcxproj", "{50A2E666-FAD7-41E1-AB0B-EFF6D604DF06}"
EndProject
Project("{8BC9CEB8-8B4A-11D0-8D11-00A0C91BC942}") = "objectoriented", "objectoriented\objectoriented.vcxproj", "{76308112-4135-41F5-9512-C30F1CB7BE30}"
EndProject
Project("{8BC9CEB8-8B4A-11D0-8D11-00A0C91BC942}") = "oo_override", "oo_override\oo_override.vcxproj", "{940B06C4-F2C2-4C6B-AE10-A4FCCF8C0730}"
EndProject
Project("{8BC9CEB8-8B4A-11D0-8D11-00A0C91BC942}") = "oo_final", "oo_final\oo_final.vcxproj", "{DDB43201-78FB-452D-B921-E3505DE2B29A}"
EndProject
Project("{8BC9CEB8-8B4A-11D0-8D11-00A0C91BC942}") = "oo_stronglytypedenumerations", "oo_stronglytypedenumerations\oo_stronglytypedenumerations.vcxproj", "{6F5E501F-0C92-49DC-BA77-19ED05864053}"
EndProject
Project("{8BC9CEB8-8B4A-11D0-8D11-00A0C91BC942}") = "lambda", "lambda\lambda.vcxproj", "{5B54C269-5D7E-4A89-9273-05494D80DC68}"
EndProject
Project("{8BC9CEB8-8B4A-11D0-8D11-00A0C91BC942}") = "function", "function\function.vcxproj", "{E6590070-E279-403E-874A-E65C8629E30F}"
EndProject
Project("{8BC9CEB8-8B4A-11D0-8D11-00A0C91BC942}") = "move", "move\move.vcxproj", "{3564D50F-A930-424E-BAE9-665C19D2AE87}"
EndProject
Project("{8BC9CEB8-8B4A-11D0-8D11-00A0C91BC942}") = "forward", "forward\forward.vcxproj", "{412DBFF0-ACF1-4216-AB53-A290222F176F}"
EndProject
Project("{8BC9CEB8-8B4A-11D0-8D11-00A0C91BC942}") = "Containers", "Containers\Containers.vcxproj", "{A50EC263-1BE4-4B36-9D12-B79C9823BC35}"
EndProject
Project("{8BC9CEB8-8B4A-11D0-8D11-00A0C91BC942}") = "SmartPointers", "SmartPointers\SmartPointers.vcxproj", "{6BB36105-3656-46A9-93DC-71B1B40595CA}"
EndProject
Global
	GlobalSection(SolutionConfigurationPlatforms) = preSolution
		Debug|x64 = Debug|x64
		Debug|x86 = Debug|x86
		Release|x64 = Release|x64
		Release|x86 = Release|x86
	EndGlobalSection
	GlobalSection(ProjectConfigurationPlatforms) = postSolution
		{88C54AB3-9155-4530-873A-D6787E7FB7A0}.Debug|x64.ActiveCfg = Debug|x64
		{88C54AB3-9155-4530-873A-D6787E7FB7A0}.Debug|x64.Build.0 = Debug|x64
		{88C54AB3-9155-4530-873A-D6787E7FB7A0}.Debug|x86.ActiveCfg = Debug|Win32
		{88C54AB3-9155-4530-873A-D6787E7FB7A0}.Debug|x86.Build.0 = Debug|Win32
		{88C54AB3-9155-4530-873A-D6787E7FB7A0}.Release|x64.ActiveCfg = Release|x64
		{88C54AB3-9155-4530-873A-D6787E7FB7A0}.Release|x64.Build.0 = Release|x64
		{88C54AB3-9155-4530-873A-D6787E7FB7A0}.Release|x86.ActiveCfg = Release|Win32
		{88C54AB3-9155-4530-873A-D6787E7FB7A0}.Release|x86.Build.0 = Release|Win32
		{F4ED1F82-DA86-4171-BC2E-937F6581C504}.Debug|x64.ActiveCfg = Debug|x64
		{F4ED1F82-DA86-4171-BC2E-937F6581C504}.Debug|x64.Build.0 = Debug|x64
		{F4ED1F82-DA86-4171-BC2E-937F6581C504}.Debug|x86.ActiveCfg = Debug|Win32
		{F4ED1F82-DA86-4171-BC2E-937F6581C504}.Debug|x86.Build.0 = Debug|Win32
		{F4ED1F82-DA86-4171-BC2E-937F6581C504}.Release|x64.ActiveCfg = Release|x64
		{F4ED1F82-DA86-4171-BC2E-937F6581C504}.Release|x64.Build.0 = Release|x64
		{F4ED1F82-DA86-4171-BC2E-937F6581C504}.Release|x86.ActiveCfg = Release|Win32
		{F4ED1F82-DA86-4171-BC2E-937F6581C504}.Release|x86.Build.0 = Release|Win32
		{EAEBAC79-2FE1-45CA-A383-46124C3B2C99}.Debug|x64.ActiveCfg = Debug|x64
		{EAEBAC79-2FE1-45CA-A383-46124C3B2C99}.Debug|x64.Build.0 = Debug|x64
		{EAEBAC79-2FE1-45CA-A383-46124C3B2C99}.Debug|x86.ActiveCfg = Debug|Win32
		{EAEBAC79-2FE1-45CA-A383-46124C3B2C99}.Debug|x86.Build.0 = Debug|Win32
		{EAEBAC79-2FE1-45CA-A383-46124C3B2C99}.Release|x64.ActiveCfg = Release|x64
		{EAEBAC79-2FE1-45CA-A383-46124C3B2C99}.Release|x64.Build.0 = Release|x64
		{EAEBAC79-2FE1-45CA-A383-46124C3B2C99}.Release|x86.ActiveCfg = Release|Win32
		{EAEBAC79-2FE1-45CA-A383-46124C3B2C99}.Release|x86.Build.0 = Release|Win32
		{A423B39B-111F-44A0-B53F-34756F64B6EF}.Debug|x64.ActiveCfg = Debug|x64
		{A423B39B-111F-44A0-B53F-34756F64B6EF}.Debug|x64.Build.0 = Debug|x64
		{A423B39B-111F-44A0-B53F-34756F64B6EF}.Debug|x86.ActiveCfg = Debug|Win32
		{A423B39B-111F-44A0-B53F-34756F64B6EF}.Debug|x86.Build.0 = Debug|Win32
		{A423B39B-111F-44A0-B53F-34756F64B6EF}.Release|x64.ActiveCfg = Release|x64
		{A423B39B-111F-44A0-B53F-34756F64B6EF}.Release|x64.Build.0 = Release|x64
		{A423B39B-111F-44A0-B53F-34756F64B6EF}.Release|x86.ActiveCfg = Release|Win32
		{A423B39B-111F-44A0-B53F-34756F64B6EF}.Release|x86.Build.0 = Release|Win32
		{828298D8-CBC3-4721-8780-5A9099386192}.Debug|x64.ActiveCfg = Debug|x64
		{828298D8-CBC3-4721-8780-5A9099386192}.Debug|x64.Build.0 = Debug|x64
		{828298D8-CBC3-4721-8780-5A9099386192}.Debug|x86.ActiveCfg = Debug|Win32
		{828298D8-CBC3-4721-8780-5A9099386192}.Debug|x86.Build.0 = Debug|Win32
		{828298D8-CBC3-4721-8780-5A9099386192}.Release|x64.ActiveCfg = Release|x64
		{828298D8-CBC3-4721-8780-5A9099386192}.Release|x64.Build.0 = Release|x64
		{828298D8-CBC3-4721-8780-5A9099386192}.Release|x86.ActiveCfg = Release|Win32
		{828298D8-CBC3-4721-8780-5A9099386192}.Release|x86.Build.0 = Release|Win32
		{0BB6B71D-8C82-45E9-BD67-14593FE68584}.Debug|x64.ActiveCfg = Debug|x64
		{0BB6B71D-8C82-45E9-BD67-14593FE68584}.Debug|x64.Build.0 = Debug|x64
		{0BB6B71D-8C82-45E9-BD67-14593FE68584}.Debug|x86.ActiveCfg = Debug|Win32
		{0BB6B71D-8C82-45E9-BD67-14593FE68584}.Debug|x86.Build.0 = Debug|Win32
		{0BB6B71D-8C82-45E9-BD67-14593FE68584}.Release|x64.ActiveCfg = Release|x64
		{0BB6B71D-8C82-45E9-BD67-14593FE68584}.Release|x64.Build.0 = Release|x64
		{0BB6B71D-8C82-45E9-BD67-14593FE68584}.Release|x86.ActiveCfg = Release|Win32
		{0BB6B71D-8C82-45E9-BD67-14593FE68584}.Release|x86.Build.0 = Release|Win32
		{38F9CB02-7256-4D20-914B-612928604215}.Debug|x64.ActiveCfg = Debug|x64
		{38F9CB02-7256-4D20-914B-612928604215}.Debug|x64.Build.0 = Debug|x64
		{38F9CB02-7256-4D20-914B-612928604215}.Debug|x86.ActiveCfg = Debug|Win32
		{38F9CB02-7256-4D20-914B-612928604215}.Debug|x86.Build.0 = Debug|Win32
		{38F9CB02-7256-4D20-914B-612928604215}.Release|x64.ActiveCfg = Release|x64
		{38F9CB02-7256-4D20-914B-612928604215}.Release|x64.Build.0 = Release|x64
		{38F9CB02-7256-4D20-914B-612928604215}.Release|x86.ActiveCfg = Release|Win32
		{38F9CB02-7256-4D20-914B-612928604215}.Release|x86.Build.0 = Release|Win32
		{C56CE65B-2D78-4FD8-96B9-8A137BD0208C}.Debug|x64.ActiveCfg = Debug|x64
		{C56CE65B-2D78-4FD8-96B9-8A137BD0208C}.Debug|x64.Build.0 = Debug|x64
		{C56CE65B-2D78-4FD8-96B9-8A137BD0208C}.Debug|x86.ActiveCfg = Debug|Win32
		{C56CE65B-2D78-4FD8-96B9-8A137BD0208C}.Debug|x86.Build.0 = Debug|Win32
		{C56CE65B-2D78-4FD8-96B9-8A137BD0208C}.Release|x64.ActiveCfg = Release|x64
		{C56CE65B-2D78-4FD8-96B9-8A137BD0208C}.Release|x64.Build.0 = Release|x64
		{C56CE65B-2D78-4FD8-96B9-8A137BD0208C}.Release|x86.ActiveCfg = Release|Win32
		{C56CE65B-2D78-4FD8-96B9-8A137BD0208C}.Release|x86.Build.0 = Release|Win32
		{DAF2489F-72F5-426A-93AD-87ED715FCC03}.Debug|x64.ActiveCfg = Debug|x64
		{DAF2489F-72F5-426A-93AD-87ED715FCC03}.Debug|x64.Build.0 = Debug|x64
		{DAF2489F-72F5-426A-93AD-87ED715FCC03}.Debug|x86.ActiveCfg = Debug|Win32
		{DAF2489F-72F5-426A-93AD-87ED715FCC03}.Debug|x86.Build.0 = Debug|Win32
		{DAF2489F-72F5-426A-93AD-87ED715FCC03}.Release|x64.ActiveCfg = Release|x64
		{DAF2489F-72F5-426A-93AD-87ED715FCC03}.Release|x64.Build.0 = Release|x64
		{DAF2489F-72F5-426A-93AD-87ED715FCC03}.Release|x86.ActiveCfg = Release|Win32
		{DAF2489F-72F5-426A-93AD-87ED715FCC03}.Release|x86.Build.0 = Release|Win32
		{089AF5BD-2A0E-4382-973E-DC998C387BFB}.Debug|x64.ActiveCfg = Debug|x64
		{089AF5BD-2A0E-4382-973E-DC998C387BFB}.Debug|x64.Build.0 = Debug|x64
		{089AF5BD-2A0E-4382-973E-DC998C387BFB}.Debug|x86.ActiveCfg = Debug|Win32
		{089AF5BD-2A0E-4382-973E-DC998C387BFB}.Debug|x86.Build.0 = Debug|Win32
		{089AF5BD-2A0E-4382-973E-DC998C387BFB}.Release|x64.ActiveCfg = Release|x64
		{089AF5BD-2A0E-4382-973E-DC998C387BFB}.Release|x64.Build.0 = Release|x64
		{089AF5BD-2A0E-4382-973E-DC998C387BFB}.Release|x86.ActiveCfg = Release|Win32
		{089AF5BD-2A0E-4382-973E-DC998C387BFB}.Release|x86.Build.0 = Release|Win32
		{03AA63EF-8894-4F6E-96F1-199D448540C5}.Debug|x64.ActiveCfg = Debug|x64
		{03AA63EF-8894-4F6E-96F1-199D448540C5}.Debug|x64.Build.0 = Debug|x64
		{03AA63EF-8894-4F6E-96F1-199D448540C5}.Debug|x86.ActiveCfg = Debug|Win32
		{03AA63EF-8894-4F6E-96F1-199D448540C5}.Debug|x86.Build.0 = Debug|Win32
		{03AA63EF-8894-4F6E-96F1-199D448540C5}.Release|x64.ActiveCfg = Release|x64
		{03AA63EF-8894-4F6E-96F1-199D448540C5}.Release|x64.Build.0 = Release|x64
		{03AA63EF-8894-4F6E-96F1-199D448540C5}.Release|x86.ActiveCfg = Release|Win32
		{03AA63EF-8894-4F6E-96F1-199D448540C5}.Release|x86.Build.0 = Release|Win32
		{835BF181-60CB-4D69-AAA0-B75774A3EC1B}.Debug|x64.ActiveCfg = Debug|x64
		{835BF181-60CB-4D69-AAA0-B75774A3EC1B}.Debug|x64.Build.0 = Debug|x64
		{835BF181-60CB-4D69-AAA0-B75774A3EC1B}.Debug|x86.ActiveCfg = Debug|Win32
		{835BF181-60CB-4D69-AAA0-B75774A3EC1B}.Debug|x86.Build.0 = Debug|Win32
		{835BF181-60CB-4D69-AAA0-B75774A3EC1B}.Release|x64.ActiveCfg = Release|x64
		{835BF181-60CB-4D69-AAA0-B75774A3EC1B}.Release|x64.Build.0 = Release|x64
		{835BF181-60CB-4D69-AAA0-B75774A3EC1B}.Release|x86.ActiveCfg = Release|Win32
		{835BF181-60CB-4D69-AAA0-B75774A3EC1B}.Release|x86.Build.0 = Release|Win32
		{81281C43-BD65-4405-B759-B5167027BA67}.Debug|x64.ActiveCfg = Debug|x64
		{81281C43-BD65-4405-B759-B5167027BA67}.Debug|x64.Build.0 = Debug|x64
		{81281C43-BD65-4405-B759-B5167027BA67}.Debug|x86.ActiveCfg = Debug|Win32
		{81281C43-BD65-4405-B759-B5167027BA67}.Debug|x86.Build.0 = Debug|Win32
		{81281C43-BD65-4405-B759-B5167027BA67}.Release|x64.ActiveCfg = Release|x64
		{81281C43-BD65-4405-B759-B5167027BA67}.Release|x64.Build.0 = Release|x64
		{81281C43-BD65-4405-B759-B5167027BA67}.Release|x86.ActiveCfg = Release|Win32
		{81281C43-BD65-4405-B759-B5167027BA67}.Release|x86.Build.0 = Release|Win32
		{C60A7545-8017-41E6-832C-CA8676B14136}.Debug|x64.ActiveCfg = Debug|x64
		{C60A7545-8017-41E6-832C-CA8676B14136}.Debug|x64.Build.0 = Debug|x64
		{C60A7545-8017-41E6-832C-CA8676B14136}.Debug|x86.ActiveCfg = Debug|Win32
		{C60A7545-8017-41E6-832C-CA8676B14136}.Debug|x86.Build.0 = Debug|Win32
		{C60A7545-8017-41E6-832C-CA8676B14136}.Release|x64.ActiveCfg = Release|x64
		{C60A7545-8017-41E6-832C-CA8676B14136}.Release|x64.Build.0 = Release|x64
		{C60A7545-8017-41E6-832C-CA8676B14136}.Release|x86.ActiveCfg = Release|Win32
		{C60A7545-8017-41E6-832C-CA8676B14136}.Release|x86.Build.0 = Release|Win32
		{50A2E666-FAD7-41E1-AB0B-EFF6D604DF06}.Debug|x64.ActiveCfg = Debug|x64
		{50A2E666-FAD7-41E1-AB0B-EFF6D604DF06}.Debug|x64.Build.0 = Debug|x64
		{50A2E666-FAD7-41E1-AB0B-EFF6D604DF06}.Debug|x86.ActiveCfg = Debug|Win32
		{50A2E666-FAD7-41E1-AB0B-EFF6D604DF06}.Debug|x86.Build.0 = Debug|Win32
		{50A2E666-FAD7-41E1-AB0B-EFF6D604DF06}.Release|x64.ActiveCfg = Release|x64
		{50A2E666-FAD7-41E1-AB0B-EFF6D604DF06}.Release|x64.Build.0 = Release|x64
		{50A2E666-FAD7-41E1-AB0B-EFF6D604DF06}.Release|x86.ActiveCfg = Release|Win32
		{50A2E666-FAD7-41E1-AB0B-EFF6D604DF06}.Release|x86.Build.0 = Release|Win32
		{76308112-4135-41F5-9512-C30F1CB7BE30}.Debug|x64.ActiveCfg = Debug|x64
		{76308112-4135-41F5-9512-C30F1CB7BE30}.Debug|x64.Build.0 = Debug|x64
		{76308112-4135-41F5-9512-C30F1CB7BE30}.Debug|x86.ActiveCfg = Debug|Win32
		{76308112-4135-41F5-9512-C30F1CB7BE30}.Debug|x86.Build.0 = Debug|Win32
		{76308112-4135-41F5-9512-C30F1CB7BE30}.Release|x64.ActiveCfg = Release|x64
		{76308112-4135-41F5-9512-C30F1CB7BE30}.Release|x64.Build.0 = Release|x64
		{76308112-4135-41F5-9512-C30F1CB7BE30}.Release|x86.ActiveCfg = Release|Win32
		{76308112-4135-41F5-9512-C30F1CB7BE30}.Release|x86.Build.0 = Release|Win32
		{940B06C4-F2C2-4C6B-AE10-A4FCCF8C0730}.Debug|x64.ActiveCfg = Debug|x64
		{940B06C4-F2C2-4C6B-AE10-A4FCCF8C0730}.Debug|x64.Build.0 = Debug|x64
		{940B06C4-F2C2-4C6B-AE10-A4FCCF8C0730}.Debug|x86.ActiveCfg = Debug|Win32
		{940B06C4-F2C2-4C6B-AE10-A4FCCF8C0730}.Debug|x86.Build.0 = Debug|Win32
		{940B06C4-F2C2-4C6B-AE10-A4FCCF8C0730}.Release|x64.ActiveCfg = Release|x64
		{940B06C4-F2C2-4C6B-AE10-A4FCCF8C0730}.Release|x64.Build.0 = Release|x64
		{940B06C4-F2C2-4C6B-AE10-A4FCCF8C0730}.Release|x86.ActiveCfg = Release|Win32
		{940B06C4-F2C2-4C6B-AE10-A4FCCF8C0730}.Release|x86.Build.0 = Release|Win32
		{DDB43201-78FB-452D-B921-E3505DE2B29A}.Debug|x64.ActiveCfg = Debug|x64
		{DDB43201-78FB-452D-B921-E3505DE2B29A}.Debug|x64.Build.0 = Debug|x64
		{DDB43201-78FB-452D-B921-E3505DE2B29A}.Debug|x86.ActiveCfg = Debug|Win32
		{DDB43201-78FB-452D-B921-E3505DE2B29A}.Debug|x86.Build.0 = Debug|Win32
		{DDB43201-78FB-452D-B921-E3505DE2B29A}.Release|x64.ActiveCfg = Release|x64
		{DDB43201-78FB-452D-B921-E3505DE2B29A}.Release|x64.Build.0 = Release|x64
		{DDB43201-78FB-452D-B921-E3505DE2B29A}.Release|x86.ActiveCfg = Release|Win32
		{DDB43201-78FB-452D-B921-E3505DE2B29A}.Release|x86.Build.0 = Release|Win32
		{6F5E501F-0C92-49DC-BA77-19ED05864053}.Debug|x64.ActiveCfg = Debug|x64
		{6F5E501F-0C92-49DC-BA77-19ED05864053}.Debug|x64.Build.0 = Debug|x64
		{6F5E501F-0C92-49DC-BA77-19ED05864053}.Debug|x86.ActiveCfg = Debug|Win32
		{6F5E501F-0C92-49DC-BA77-19ED05864053}.Debug|x86.Build.0 = Debug|Win32
		{6F5E501F-0C92-49DC-BA77-19ED05864053}.Release|x64.ActiveCfg = Release|x64
		{6F5E501F-0C92-49DC-BA77-19ED05864053}.Release|x64.Build.0 = Release|x64
		{6F5E501F-0C92-49DC-BA77-19ED05864053}.Release|x86.ActiveCfg = Release|Win32
		{6F5E501F-0C92-49DC-BA77-19ED05864053}.Release|x86.Build.0 = Release|Win32
		{5B54C269-5D7E-4A89-9273-05494D80DC68}.Debug|x64.ActiveCfg = Debug|x64
		{5B54C269-5D7E-4A89-9273-05494D80DC68}.Debug|x64.Build.0 = Debug|x64
		{5B54C269-5D7E-4A89-9273-05494D80DC68}.Debug|x86.ActiveCfg = Debug|Win32
		{5B54C269-5D7E-4A89-9273-05494D80DC68}.Debug|x86.Build.0 = Debug|Win32
		{5B54C269-5D7E-4A89-9273-05494D80DC68}.Release|x64.ActiveCfg = Release|x64
		{5B54C269-5D7E-4A89-9273-05494D80DC68}.Release|x64.Build.0 = Release|x64
		{5B54C269-5D7E-4A89-9273-05494D80DC68}.Release|x86.ActiveCfg = Release|Win32
		{5B54C269-5D7E-4A89-9273-05494D80DC68}.Release|x86.Build.0 = Release|Win32
		{E6590070-E279-403E-874A-E65C8629E30F}.Debug|x64.ActiveCfg = Debug|x64
		{E6590070-E279-403E-874A-E65C8629E30F}.Debug|x64.Build.0 = Debug|x64
		{E6590070-E279-403E-874A-E65C8629E30F}.Debug|x86.ActiveCfg = Debug|Win32
		{E6590070-E279-403E-874A-E65C8629E30F}.Debug|x86.Build.0 = Debug|Win32
		{E6590070-E279-403E-874A-E65C8629E30F}.Release|x64.ActiveCfg = Release|x64
		{E6590070-E279-403E-874A-E65C8629E30F}.Release|x64.Build.0 = Release|x64
		{E6590070-E279-403E-874A-E65C8629E30F}.Release|x86.ActiveCfg = Release|Win32
		{E6590070-E279-403E-874A-E65C8629E30F}.Release|x86.Build.0 = Release|Win32
		{3564D50F-A930-424E-BAE9-665C19D2AE87}.Debug|x64.ActiveCfg = Debug|x64
		{3564D50F-A930-424E-BAE9-665C19D2AE87}.Debug|x64.Build.0 = Debug|x64
		{3564D50F-A930-424E-BAE9-665C19D2AE87}.Debug|x86.ActiveCfg = Debug|Win32
		{3564D50F-A930-424E-BAE9-665C19D2AE87}.Debug|x86.Build.0 = Debug|Win32
		{3564D50F-A930-424E-BAE9-665C19D2AE87}.Release|x64.ActiveCfg = Release|x64
		{3564D50F-A930-424E-BAE9-665C19D2AE87}.Release|x64.Build.0 = Release|x64
		{3564D50F-A930-424E-BAE9-665C19D2AE87}.Release|x86.ActiveCfg = Release|Win32
		{3564D50F-A930-424E-BAE9-665C19D2AE87}.Release|x86.Build.0 = Release|Win32
		{412DBFF0-ACF1-4216-AB53-A290222F176F}.Debug|x64.ActiveCfg = Debug|x64
		{412DBFF0-ACF1-4216-AB53-A290222F176F}.Debug|x64.Build.0 = Debug|x64
		{412DBFF0-ACF1-4216-AB53-A290222F176F}.Debug|x86.ActiveCfg = Debug|Win32
		{412DBFF0-ACF1-4216-AB53-A290222F176F}.Debug|x86.Build.0 = Debug|Win32
		{412DBFF0-ACF1-4216-AB53-A290222F176F}.Release|x64.ActiveCfg = Release|x64
		{412DBFF0-ACF1-4216-AB53-A290222F176F}.Release|x64.Build.0 = Release|x64
		{412DBFF0-ACF1-4216-AB53-A290222F176F}.Release|x86.ActiveCfg = Release|Win32
		{412DBFF0-ACF1-4216-AB53-A290222F176F}.Release|x86.Build.0 = Release|Win32
		{A50EC263-1BE4-4B36-9D12-B79C9823BC35}.Debug|x64.ActiveCfg = Debug|x64
		{A50EC263-1BE4-4B36-9D12-B79C9823BC35}.Debug|x64.Build.0 = Debug|x64
		{A50EC263-1BE4-4B36-9D12-B79C9823BC35}.Debug|x86.ActiveCfg = Debug|Win32
		{A50EC263-1BE4-4B36-9D12-B79C9823BC35}.Debug|x86.Build.0 = Debug|Win32
		{A50EC263-1BE4-4B36-9D12-B79C9823BC35}.Release|x64.ActiveCfg = Release|x64
		{A50EC263-1BE4-4B36-9D12-B79C9823BC35}.Release|x64.Build.0 = Release|x64
		{A50EC263-1BE4-4B36-9D12-B79C9823BC35}.Release|x86.ActiveCfg = Release|Win32
		{A50EC263-1BE4-4B36-9D12-B79C9823BC35}.Release|x86.Build.0 = Release|Win32
		{6BB36105-3656-46A9-93DC-71B1B40595CA}.Debug|x64.ActiveCfg = Debug|x64
		{6BB36105-3656-46A9-93DC-71B1B40595CA}.Debug|x64.Build.0 = Debug|x64
		{6BB36105-3656-46A9-93DC-71B1B40595CA}.Debug|x86.ActiveCfg = Debug|Win32
		{6BB36105-3656-46A9-93DC-71B1B40595CA}.Debug|x86.Build.0 = Debug|Win32
		{6BB36105-3656-46A9-93DC-71B1B40595CA}.Release|x64.ActiveCfg = Release|x64
		{6BB36105-3656-46A9-93DC-71B1B40595CA}.Release|x64.Build.0 = Release|x64
		{6BB36105-3656-46A9-93DC-71B1B40595CA}.Release|x86.ActiveCfg = Release|Win32
		{6BB36105-3656-46A9-93DC-71B1B40595CA}.Release|x86.Build.0 = Release|Win32
	EndGlobalSection
	GlobalSection(SolutionProperties) = preSolution
		HideSolutionNode = FALSE
	EndGlobalSection
	GlobalSection(ExtensibilityGlobals) = postSolution
		SolutionGuid = {D0A9808E-B9AF-4FCC-BB03-5C34E9AD78E6}
	EndGlobalSection
EndGlobal
